
Microsoft Visual Studio Solution File, Format Version 12.00
# Visual Studio 15
VisualStudioVersion = 15.0.27130.2010
MinimumVisualStudioVersion = 10.0.40219.1
Project("{FAE04EC0-301F-11D3-BF4B-00C04F79EFBC}") = "MtkImeiWriter", "MtkImeiWriter\MtkImeiWriter.csproj", "{561AF4A2-575D-470C-899E-0BE15F9474B7}"
EndProject
Global
	GlobalSection(SolutionConfigurationPlatforms) = preSolution
		Debug|Any CPU = Debug|Any CPU
		Release|Any CPU = Release|Any CPU
	EndGlobalSection
	GlobalSection(ProjectConfigurationPlatforms) = postSolution
		{561AF4A2-575D-470C-899E-0BE15F9474B7}.Debug|Any CPU.ActiveCfg = Debug|Any CPU
		{561AF4A2-575D-470C-899E-0BE15F9474B7}.Debug|Any CPU.Build.0 = Debug|Any CPU
		{561AF4A2-575D-470C-899E-0BE15F9474B7}.Release|Any CPU.ActiveCfg = Release|Any CPU
		{561AF4A2-575D-470C-899E-0BE15F9474B7}.Release|Any CPU.Build.0 = Release|Any CPU
	EndGlobalSection
	GlobalSection(SolutionProperties) = preSolution
		HideSolutionNode = FALSE
	EndGlobalSection
	GlobalSection(ExtensibilityGlobals) = postSolution
		SolutionGuid = {91E27DD5-6550-4784-995F-1C2D7C5E5D0F}
	EndGlobalSection
EndGlobal
